{
  "name": "resume",
  "version": "1.0.0",
  "lockfileVersion": 3,
  "requires": true,
  "packages": {
    "": {
      "name": "resume",
      "version": "1.0.0",
      "license": "ISC",
      "dependencies": {
        "@fontsource/ibm-plex-sans": "^5.3.0",
        "@fontsource/jetbrains-mono": "^5.3.0",
        "@fontsource/space-grotesk": "^5.3.0"
      }
    },
    "node_modules/@fontsource/ibm-plex-sans": {
      "version": "5.3.0",
      "resolved": "https://registry.npmmirror.com/@fontsource/ibm-plex-sans/-/ibm-plex-sans-5.3.0.tgz",
      "integrity": "sha512-CbE4CbbEEZJX860XyUiRpsksXIQR8Rp2XDva2VO53NJox9tVNtusrysd2x5YkUEY3ErQ66W1IiiQL8/wihhw5w==",
      "license": "OFL-1.1",
      "funding": {
        "url": "https://github.com/sponsors/ayuhito"
      }
    },
    "node_modules/@fontsource/jetbrains-mono": {
      "version": "5.3.0",
      "resolved": "https://registry.npmmirror.com/@fontsource/jetbrains-mono/-/jetbrains-mono-5.3.0.tgz",
      "integrity": "sha512-fqDfB5I9f1p1TV486aUgB9t8zP84P0O1FtQR5Ol9vjwPy+S+EIGlVYm1cvj2W5shcZMTg2nZFdVMoH5wFu8a1A==",
      "license": "OFL-1.1",
      "funding": {
        "url": "https://github.com/sponsors/ayuhito"
      }
    },
    "node_modules/@fontsource/space-grotesk": {
      "version": "5.3.0",
      "resolved": "https://registry.npmmirror.com/@fontsource/space-grotesk/-/space-grotesk-5.3.0.tgz",
      "integrity": "sha512-ksnGizDPXIDuvqcTYTSrmZ+evx9sDlS8rp7+42BQ7wU+spt3twEoXfbJz672C+5CLg6VeUQwRy5RXshWb67LcQ==",
      "license": "OFL-1.1",
      "funding": {
        "url": "https://github.com/sponsors/ayuhito"
      }
    }
  }
}
